Microsoft Visual Studio Solution File, Format Version 12.00
# Visual Studio Version 17
VisualStudioVersion = 17.5.2.0
MinimumVisualStudioVersion = 10.0.40219.1
Project("{FAE04EC0-301F-11D3-BF4B-00C04F79EFBC}") = "ContentSafetySamples", "AzureAIContentSafety\ContentSafetySamples.csproj", "{3E0358E2-23A3-70A0-0413-F710D5DBE066}"
EndProject
Project("{2150E333-8FDC-42A3-9474-1A3956D46DE8}") = "TextToSpeech", "TextToSpeech", "{02EA681E-C7D8-13C7-8484-4AC65E1B71E8}"
EndProject
Project("{FAE04EC0-301F-11D3-BF4B-00C04F79EFBC}") = "TextToSpeech", "AzureAISpeech\TextToSpeech\TextToSpeech.csproj", "{66F40128-C4B5-4CBF-8F76-54FCFC9141E8}"
EndProject
Global
	GlobalSection(SolutionConfigurationPlatforms) = preSolution
		Debug|Any CPU = Debug|Any CPU
		Release|Any CPU = Release|Any CPU
	EndGlobalSection
	GlobalSection(ProjectConfigurationPlatforms) = postSolution
		{3E0358E2-23A3-70A0-0413-F710D5DBE066}.Debug|Any CPU.ActiveCfg = Debug|Any CPU
		{3E0358E2-23A3-70A0-0413-F710D5DBE066}.Debug|Any CPU.Build.0 = Debug|Any CPU
		{3E0358E2-23A3-70A0-0413-F710D5DBE066}.Release|Any CPU.ActiveCfg = Release|Any CPU
		{3E0358E2-23A3-70A0-0413-F710D5DBE066}.Release|Any CPU.Build.0 = Release|Any CPU
		{66F40128-C4B5-4CBF-8F76-54FCFC9141E8}.Debug|Any CPU.ActiveCfg = Debug|Any CPU
		{66F40128-C4B5-4CBF-8F76-54FCFC9141E8}.Debug|Any CPU.Build.0 = Debug|Any CPU
		{66F40128-C4B5-4CBF-8F76-54FCFC9141E8}.Release|Any CPU.ActiveCfg = Release|Any CPU
		{66F40128-C4B5-4CBF-8F76-54FCFC9141E8}.Release|Any CPU.Build.0 = Release|Any CPU
	EndGlobalSection
	GlobalSection(SolutionProperties) = preSolution
		HideSolutionNode = FALSE
	EndGlobalSection
	GlobalSection(NestedProjects) = preSolution
		{66F40128-C4B5-4CBF-8F76-54FCFC9141E8} = {02EA681E-C7D8-13C7-8484-4AC65E1B71E8}
	EndGlobalSection
	GlobalSection(ExtensibilityGlobals) = postSolution
		SolutionGuid = {B6675AF8-24A3-4F68-93E1-A0E063DB452D}
	EndGlobalSection
EndGlobal
