Microsoft Visual Studio Solution File, Format Version 12.00
# Visual Studio Version 17
VisualStudioVersion = 17.5.2.0
MinimumVisualStudioVersion = 10.0.40219.1
Project("{9A19103F-16F7-4668-BE54-9A1E7A4F7556}") = "ContentSafetySamples", "AzureAIContentSafety\ContentSafetySamples.csproj", "{3E0358E2-23A3-70A0-0413-F710D5DBE066}"
EndProject
Project("{2150E333-8FDC-42A3-9474-1A3956D46DE8}") = "TextToSpeech", "TextToSpeech", "{02EA681E-C7D8-13C7-8484-4AC65E1B71E8}"
EndProject
Project("{9A19103F-16F7-4668-BE54-9A1E7A4F7556}") = "TextToSpeech", "AzureAISpeech\TextToSpeech\TextToSpeech.csproj", "{66F40128-C4B5-4CBF-8F76-54FCFC9141E8}"
EndProject
Project("{2150E333-8FDC-42A3-9474-1A3956D46DE8}") = "TextTranslation", "TextTranslation", "{93EBDD60-B50C-4603-9AC9-1EA8C673D90D}"
EndProject
Project("{FAE04EC0-301F-11D3-BF4B-00C04F79EFBC}") = "text-translation-sdk", "AzureAILanguage\text-translation-sdk\text-translation-sdk.csproj", "{D0E9AA8F-4BF3-48D4-8377-700449EA40FA}"
EndProject
Project("{2150E333-8FDC-42A3-9474-1A3956D46DE8}") = "DocumentTranslation", "DocumentTranslation", "{4089C64C-CD28-47E6-B39F-ACBC40B715AE}"
EndProject
Project("{FAE04EC0-301F-11D3-BF4B-00C04F79EFBC}") = "document-translation-sync-sdk", "document-translation\document-translation-sync-sdk.csproj", "{1B43FAE1-E879-4258-B851-6F5C88D12626}"
EndProject
Project("{2150E333-8FDC-42A3-9474-1A3956D46DE8}") = "SpeechToText", "SpeechToText", "{6D3BD6D0-7C67-415A-9958-8092F772F02D}"
EndProject
Project("{FAE04EC0-301F-11D3-BF4B-00C04F79EFBC}") = "SpeechToText", "AzureAISpeech\SpeechToText\SpeechToText.csproj", "{0C72CA94-9097-4767-9BC3-15BE4B634F04}"
EndProject
Project("{2150E333-8FDC-42A3-9474-1A3956D46DE8}") = "SpeechTranslation", "SpeechTranslation", "{C433C9F3-430D-4097-8C0E-E9C21EDB27CE}"
EndProject
Project("{FAE04EC0-301F-11D3-BF4B-00C04F79EFBC}") = "SpeechTranslation", "AzureAISpeech\SpeechTranslation\SpeechTranslation.csproj", "{C054E552-BBCF-44A0-904A-F0785A6C2AE6}"
EndProject
Project("{2150E333-8FDC-42A3-9474-1A3956D46DE8}") = "MultiSpeakerWAV", "MultiSpeakerWAV", "{6700670F-D730-4CCE-82A8-47DD67168946}"
EndProject
Project("{FAE04EC0-301F-11D3-BF4B-00C04F79EFBC}") = "MultiSpeakerWAV", "AzureAISpeech\MultiSpeakerWAV\MultiSpeakerWAV.csproj", "{2B723199-7761-4BD3-A45F-4E2209D626EA}"
EndProject
Project("{2150E333-8FDC-42A3-9474-1A3956D46DE8}") = "FastTranscription", "FastTranscription", "{5BC9C0BF-2C68-414B-A35A-3E7E33E7C6A8}"
EndProject
Project("{FAE04EC0-301F-11D3-BF4B-00C04F79EFBC}") = "FastTranscription", "AzureAISpeech\FastTranscription\FastTranscription.csproj", "{93B97D77-597B-42DB-B5D1-7E7DD898CF8B}"
EndProject
Project("{2150E333-8FDC-42A3-9474-1A3956D46DE8}") = "LanguageIdentification", "LanguageIdentification", "{EF0740F3-E520-4092-B40A-DAA55DEE0C9A}"
EndProject
Project("{FAE04EC0-301F-11D3-BF4B-00C04F79EFBC}") = "LanguageIdentification", "AzureAISpeech\LanguageIdentification\LanguageIdentification.csproj", "{1269995F-27AF-4509-8B98-B07252AA2CAD}"
EndProject
Project("{2150E333-8FDC-42A3-9474-1A3956D46DE8}") = "SpeakerRecognition", "SpeakerRecognition", "{A49F4D0A-7C70-44F4-931A-468CD15F50E2}"
EndProject
Project("{FAE04EC0-301F-11D3-BF4B-00C04F79EFBC}") = "SpeakerVerificationWAV", "AzureAISpeech\SpeakerVerification\SpeakerVerificationWAV\SpeakerVerificationWAV.csproj", "{598CADD5-F632-4E81-89DC-01DC4F61665F}"
EndProject
Project("{FAE04EC0-301F-11D3-BF4B-00C04F79EFBC}") = "SpeakerVerificationEnrollment", "AzureAISpeech\SpeakerVerificationEnrollment\SpeakerVerificationEnrollment.csproj", "{E9ABBB94-922B-458B-931A-DE559FBD34D1}"
EndProject
Project("{FAE04EC0-301F-11D3-BF4B-00C04F79EFBC}") = "AIVision", "AzureAIVision\AIVision\AIVision.csproj", "{80917E3D-FBEA-4874-A9BB-71F50BCAEDB6}"
EndProject
Global
	GlobalSection(SolutionConfigurationPlatforms) = preSolution
		Debug|Any CPU = Debug|Any CPU
		Release|Any CPU = Release|Any CPU
	EndGlobalSection
	GlobalSection(ProjectConfigurationPlatforms) = postSolution
		{3E0358E2-23A3-70A0-0413-F710D5DBE066}.Debug|Any CPU.ActiveCfg = Debug|Any CPU
		{3E0358E2-23A3-70A0-0413-F710D5DBE066}.Debug|Any CPU.Build.0 = Debug|Any CPU
		{3E0358E2-23A3-70A0-0413-F710D5DBE066}.Release|Any CPU.ActiveCfg = Release|Any CPU
		{3E0358E2-23A3-70A0-0413-F710D5DBE066}.Release|Any CPU.Build.0 = Release|Any CPU
		{66F40128-C4B5-4CBF-8F76-54FCFC9141E8}.Debug|Any CPU.ActiveCfg = Debug|Any CPU
		{66F40128-C4B5-4CBF-8F76-54FCFC9141E8}.Debug|Any CPU.Build.0 = Debug|Any CPU
		{66F40128-C4B5-4CBF-8F76-54FCFC9141E8}.Release|Any CPU.ActiveCfg = Release|Any CPU
		{66F40128-C4B5-4CBF-8F76-54FCFC9141E8}.Release|Any CPU.Build.0 = Release|Any CPU
		{D0E9AA8F-4BF3-48D4-8377-700449EA40FA}.Debug|Any CPU.ActiveCfg = Debug|Any CPU
		{D0E9AA8F-4BF3-48D4-8377-700449EA40FA}.Debug|Any CPU.Build.0 = Debug|Any CPU
		{D0E9AA8F-4BF3-48D4-8377-700449EA40FA}.Release|Any CPU.ActiveCfg = Release|Any CPU
		{D0E9AA8F-4BF3-48D4-8377-700449EA40FA}.Release|Any CPU.Build.0 = Release|Any CPU
		{1B43FAE1-E879-4258-B851-6F5C88D12626}.Debug|Any CPU.ActiveCfg = Debug|Any CPU
		{1B43FAE1-E879-4258-B851-6F5C88D12626}.Debug|Any CPU.Build.0 = Debug|Any CPU
		{1B43FAE1-E879-4258-B851-6F5C88D12626}.Release|Any CPU.ActiveCfg = Release|Any CPU
		{1B43FAE1-E879-4258-B851-6F5C88D12626}.Release|Any CPU.Build.0 = Release|Any CPU
		{0C72CA94-9097-4767-9BC3-15BE4B634F04}.Debug|Any CPU.ActiveCfg = Debug|Any CPU
		{0C72CA94-9097-4767-9BC3-15BE4B634F04}.Debug|Any CPU.Build.0 = Debug|Any CPU
		{0C72CA94-9097-4767-9BC3-15BE4B634F04}.Release|Any CPU.ActiveCfg = Release|Any CPU
		{0C72CA94-9097-4767-9BC3-15BE4B634F04}.Release|Any CPU.Build.0 = Release|Any CPU
		{C054E552-BBCF-44A0-904A-F0785A6C2AE6}.Debug|Any CPU.ActiveCfg = Debug|Any CPU
		{C054E552-BBCF-44A0-904A-F0785A6C2AE6}.Debug|Any CPU.Build.0 = Debug|Any CPU
		{C054E552-BBCF-44A0-904A-F0785A6C2AE6}.Release|Any CPU.ActiveCfg = Release|Any CPU
		{C054E552-BBCF-44A0-904A-F0785A6C2AE6}.Release|Any CPU.Build.0 = Release|Any CPU
		{2B723199-7761-4BD3-A45F-4E2209D626EA}.Debug|Any CPU.ActiveCfg = Debug|Any CPU
		{2B723199-7761-4BD3-A45F-4E2209D626EA}.Debug|Any CPU.Build.0 = Debug|Any CPU
		{2B723199-7761-4BD3-A45F-4E2209D626EA}.Release|Any CPU.ActiveCfg = Release|Any CPU
		{2B723199-7761-4BD3-A45F-4E2209D626EA}.Release|Any CPU.Build.0 = Release|Any CPU
		{93B97D77-597B-42DB-B5D1-7E7DD898CF8B}.Debug|Any CPU.ActiveCfg = Debug|Any CPU
		{93B97D77-597B-42DB-B5D1-7E7DD898CF8B}.Debug|Any CPU.Build.0 = Debug|Any CPU
		{93B97D77-597B-42DB-B5D1-7E7DD898CF8B}.Release|Any CPU.ActiveCfg = Release|Any CPU
		{93B97D77-597B-42DB-B5D1-7E7DD898CF8B}.Release|Any CPU.Build.0 = Release|Any CPU
		{1269995F-27AF-4509-8B98-B07252AA2CAD}.Debug|Any CPU.ActiveCfg = Debug|Any CPU
		{1269995F-27AF-4509-8B98-B07252AA2CAD}.Debug|Any CPU.Build.0 = Debug|Any CPU
		{1269995F-27AF-4509-8B98-B07252AA2CAD}.Release|Any CPU.ActiveCfg = Release|Any CPU
		{1269995F-27AF-4509-8B98-B07252AA2CAD}.Release|Any CPU.Build.0 = Release|Any CPU
		{598CADD5-F632-4E81-89DC-01DC4F61665F}.Debug|Any CPU.ActiveCfg = Debug|Any CPU
		{598CADD5-F632-4E81-89DC-01DC4F61665F}.Debug|Any CPU.Build.0 = Debug|Any CPU
		{598CADD5-F632-4E81-89DC-01DC4F61665F}.Release|Any CPU.ActiveCfg = Release|Any CPU
		{598CADD5-F632-4E81-89DC-01DC4F61665F}.Release|Any CPU.Build.0 = Release|Any CPU
		{E9ABBB94-922B-458B-931A-DE559FBD34D1}.Debug|Any CPU.ActiveCfg = Debug|Any CPU
		{E9ABBB94-922B-458B-931A-DE559FBD34D1}.Debug|Any CPU.Build.0 = Debug|Any CPU
		{E9ABBB94-922B-458B-931A-DE559FBD34D1}.Release|Any CPU.ActiveCfg = Release|Any CPU
		{E9ABBB94-922B-458B-931A-DE559FBD34D1}.Release|Any CPU.Build.0 = Release|Any CPU
		{80917E3D-FBEA-4874-A9BB-71F50BCAEDB6}.Debug|Any CPU.ActiveCfg = Debug|Any CPU
		{80917E3D-FBEA-4874-A9BB-71F50BCAEDB6}.Debug|Any CPU.Build.0 = Debug|Any CPU
		{80917E3D-FBEA-4874-A9BB-71F50BCAEDB6}.Release|Any CPU.ActiveCfg = Release|Any CPU
		{80917E3D-FBEA-4874-A9BB-71F50BCAEDB6}.Release|Any CPU.Build.0 = Release|Any CPU
	EndGlobalSection
	GlobalSection(SolutionProperties) = preSolution
		HideSolutionNode = FALSE
	EndGlobalSection
	GlobalSection(NestedProjects) = preSolution
		{66F40128-C4B5-4CBF-8F76-54FCFC9141E8} = {02EA681E-C7D8-13C7-8484-4AC65E1B71E8}
		{D0E9AA8F-4BF3-48D4-8377-700449EA40FA} = {93EBDD60-B50C-4603-9AC9-1EA8C673D90D}
		{1B43FAE1-E879-4258-B851-6F5C88D12626} = {4089C64C-CD28-47E6-B39F-ACBC40B715AE}
		{0C72CA94-9097-4767-9BC3-15BE4B634F04} = {6D3BD6D0-7C67-415A-9958-8092F772F02D}
		{C054E552-BBCF-44A0-904A-F0785A6C2AE6} = {C433C9F3-430D-4097-8C0E-E9C21EDB27CE}
		{2B723199-7761-4BD3-A45F-4E2209D626EA} = {6700670F-D730-4CCE-82A8-47DD67168946}
		{93B97D77-597B-42DB-B5D1-7E7DD898CF8B} = {5BC9C0BF-2C68-414B-A35A-3E7E33E7C6A8}
		{1269995F-27AF-4509-8B98-B07252AA2CAD} = {EF0740F3-E520-4092-B40A-DAA55DEE0C9A}
		{598CADD5-F632-4E81-89DC-01DC4F61665F} = {A49F4D0A-7C70-44F4-931A-468CD15F50E2}
		{E9ABBB94-922B-458B-931A-DE559FBD34D1} = {A49F4D0A-7C70-44F4-931A-468CD15F50E2}
	EndGlobalSection
	GlobalSection(ExtensibilityGlobals) = postSolution
		SolutionGuid = {B6675AF8-24A3-4F68-93E1-A0E063DB452D}
	EndGlobalSection
EndGlobal
